
Microsoft Visual Studio Solution File, Format Version 12.00
# Visual Studio 15
VisualStudioVersion = 15.0.28010.0
MinimumVisualStudioVersion = 10.0.40219.1
Project("{FAE04EC0-301F-11D3-BF4B-00C04F79EFBC}") = "CSharpOpenCVLiberiesConvert", "CSharpOpenCVLiberiesConvert\CSharpOpenCVLiberiesConvert.csproj", "{AFD74CFC-A53C-473C-B12F-73668EB720B0}"
EndProject
Global
	GlobalSection(SolutionConfigurationPlatforms) = preSolution
		Debug|Any CPU = Debug|Any CPU
		Release|Any CPU = Release|Any CPU
	EndGlobalSection
	GlobalSection(ProjectConfigurationPlatforms) = postSolution
		{AFD74CFC-A53C-473C-B12F-73668EB720B0}.Debug|Any CPU.ActiveCfg = Debug|Any CPU
		{AFD74CFC-A53C-473C-B12F-73668EB720B0}.Debug|Any CPU.Build.0 = Debug|Any CPU
		{AFD74CFC-A53C-473C-B12F-73668EB720B0}.Release|Any CPU.ActiveCfg = Release|Any CPU
		{AFD74CFC-A53C-473C-B12F-73668EB720B0}.Release|Any CPU.Build.0 = Release|Any CPU
	EndGlobalSection
	GlobalSection(SolutionProperties) = preSolution
		HideSolutionNode = FALSE
	EndGlobalSection
	GlobalSection(ExtensibilityGlobals) = postSolution
		SolutionGuid = {CC668C66-46FC-4686-A7B3-84C477AFFD4C}
	EndGlobalSection
EndGlobal
